
Microsoft Visual Studio Solution File, Format Version 11.00
# Visual Web Developer Express 2010
Project("{FAE04EC0-301F-11D3-BF4B-00C04F79EFBC}") = "KMWeb", "KMWeb\KMWeb.csproj", "{906BC3B2-9315-4D93-B5EA-21A11D4FC94D}"
EndProject
Global
	GlobalSection(SolutionConfigurationPlatforms) = preSolution
		Debug|Any CPU = Debug|Any CPU
		Release|Any CPU = Release|Any CPU
	EndGlobalSection
	GlobalSection(ProjectConfigurationPlatforms) = postSolution
		{906BC3B2-9315-4D93-B5EA-21A11D4FC94D}.Debug|Any CPU.ActiveCfg = Debug|Any CPU
		{906BC3B2-9315-4D93-B5EA-21A11D4FC94D}.Debug|Any CPU.Build.0 = Debug|Any CPU
		{906BC3B2-9315-4D93-B5EA-21A11D4FC94D}.Release|Any CPU.ActiveCfg = Release|Any CPU
		{906BC3B2-9315-4D93-B5EA-21A11D4FC94D}.Release|Any CPU.Build.0 = Release|Any CPU
	EndGlobalSection
	GlobalSection(SolutionProperties) = preSolution
		HideSolutionNode = FALSE
	EndGlobalSection
EndGlobal
